
Microsoft Visual Studio Solution File, Format Version 12.00
# Visual Studio 14
VisualStudioVersion = 14.0.25420.1
MinimumVisualStudioVersion = 10.0.40219.1
Project("{FAE04EC0-301F-11D3-BF4B-00C04F79EFBC}") = "CT3Application.Web", "CT3Application.Web\CT3Application.Web.csproj", "{FD08EEEB-BF40-457D-A779-70AF1AE029ED}"
EndProject
Project("{2150E333-8FDC-42A3-9474-1A3956D46DE8}") = "Specs", "Specs", "{D8F2BD44-988B-4178-8F60-2C0BD62D0ED8}"
EndProject
Project("{FAE04EC0-301F-11D3-BF4B-00C04F79EFBC}") = "IntegrationSpecs", "IntegrationSpecs\IntegrationSpecs.csproj", "{2A3DE90F-A20D-4F33-B4A2-E9AD49D0D5C3}"
EndProject
Global
	GlobalSection(SolutionConfigurationPlatforms) = preSolution
		Debug|Any CPU = Debug|Any CPU
		Release|Any CPU = Release|Any CPU
	EndGlobalSection
	GlobalSection(ProjectConfigurationPlatforms) = postSolution
		{FD08EEEB-BF40-457D-A779-70AF1AE029ED}.Debug|Any CPU.ActiveCfg = Debug|Any CPU
		{FD08EEEB-BF40-457D-A779-70AF1AE029ED}.Debug|Any CPU.Build.0 = Debug|Any CPU
		{FD08EEEB-BF40-457D-A779-70AF1AE029ED}.Release|Any CPU.ActiveCfg = Release|Any CPU
		{FD08EEEB-BF40-457D-A779-70AF1AE029ED}.Release|Any CPU.Build.0 = Release|Any CPU
		{2A3DE90F-A20D-4F33-B4A2-E9AD49D0D5C3}.Debug|Any CPU.ActiveCfg = Debug|Any CPU
		{2A3DE90F-A20D-4F33-B4A2-E9AD49D0D5C3}.Debug|Any CPU.Build.0 = Debug|Any CPU
		{2A3DE90F-A20D-4F33-B4A2-E9AD49D0D5C3}.Release|Any CPU.ActiveCfg = Release|Any CPU
		{2A3DE90F-A20D-4F33-B4A2-E9AD49D0D5C3}.Release|Any CPU.Build.0 = Release|Any CPU
	EndGlobalSection
	GlobalSection(SolutionProperties) = preSolution
		HideSolutionNode = FALSE
	EndGlobalSection
	GlobalSection(NestedProjects) = preSolution
		{2A3DE90F-A20D-4F33-B4A2-E9AD49D0D5C3} = {D8F2BD44-988B-4178-8F60-2C0BD62D0ED8}
	EndGlobalSection
EndGlobal
